
Microsoft Visual Studio Solution File, Format Version 12.00
# Visual Studio Version 17
VisualStudioVersion = 17.10.34928.147
MinimumVisualStudioVersion = 10.0.40219.1
Project("{9A19103F-16F7-4668-BE54-9A1E7A4F7556}") = "SW_ConsoleApp", "SW_ConsoleApp\SW_ConsoleApp.csproj", "{A5FF8FC9-C6F2-4740-81AB-9D3A5A1EFA6A}"
EndProject
Project("{FAE04EC0-301F-11D3-BF4B-00C04F79EFBC}") = "UnitTesting", "UnitTesting\UnitTesting.csproj", "{B1FAB807-BA24-4C7D-9541-445FC54C8614}"
EndProject
Global
	GlobalSection(SolutionConfigurationPlatforms) = preSolution
		Debug|Any CPU = Debug|Any CPU
		Release|Any CPU = Release|Any CPU
	EndGlobalSection
	GlobalSection(ProjectConfigurationPlatforms) = postSolution
		{A5FF8FC9-C6F2-4740-81AB-9D3A5A1EFA6A}.Debug|Any CPU.ActiveCfg = Debug|Any CPU
		{A5FF8FC9-C6F2-4740-81AB-9D3A5A1EFA6A}.Debug|Any CPU.Build.0 = Debug|Any CPU
		{A5FF8FC9-C6F2-4740-81AB-9D3A5A1EFA6A}.Release|Any CPU.ActiveCfg = Release|Any CPU
		{A5FF8FC9-C6F2-4740-81AB-9D3A5A1EFA6A}.Release|Any CPU.Build.0 = Release|Any CPU
		{B1FAB807-BA24-4C7D-9541-445FC54C8614}.Debug|Any CPU.ActiveCfg = Debug|Any CPU
		{B1FAB807-BA24-4C7D-9541-445FC54C8614}.Debug|Any CPU.Build.0 = Debug|Any CPU
		{B1FAB807-BA24-4C7D-9541-445FC54C8614}.Release|Any CPU.ActiveCfg = Release|Any CPU
		{B1FAB807-BA24-4C7D-9541-445FC54C8614}.Release|Any CPU.Build.0 = Release|Any CPU
	EndGlobalSection
	GlobalSection(SolutionProperties) = preSolution
		HideSolutionNode = FALSE
	EndGlobalSection
	GlobalSection(ExtensibilityGlobals) = postSolution
		SolutionGuid = {56B3E936-362C-4AC9-8B2E-4754653D63C3}
	EndGlobalSection
EndGlobal
